// !$*UTF8*$!
{
	archiveVersion = 1;
	classes = {
	};
	objectVersion = 56;
	objects = {

/* Begin PBXBuildFile section */
		68C0A7982C4E1791004B812F /* AppDelegate.swift in Sources */ = {isa = PBXBuildFile; fileRef = 68C0A7972C4E1791004B812F /* AppDelegate.swift */; };
		68C0A79A2C4E1791004B812F /* SceneDelegate.swift in Sources */ = {isa = PBXBuildFile; fileRef = 68C0A7992C4E1791004B812F /* SceneDelegate.swift */; };
		68C0A79C2C4E1791004B812F /* OnBoardingViewController.swift in Sources */ = {isa = PBXBuildFile; fileRef = 68C0A79B2C4E1791004B812F /* OnBoardingViewController.swift */; };
		68C0A7A12C4E1792004B812F /* Assets.xcassets in Resources */ = {isa = PBXBuildFile; fileRef = 68C0A7A02C4E1792004B812F /* Assets.xcassets */; };
		68C0A7A42C4E1792004B812F /* Base in Resources */ = {isa = PBXBuildFile; fileRef = 68C0A7A32C4E1792004B812F /* Base */; };
		68C0A7AD2C4E1888004B812F /* SnapKit in Frameworks */ = {isa = PBXBuildFile; productRef = 68C0A7AC2C4E1888004B812F /* SnapKit */; };
		68C0A7B02C4E1899004B812F /* Kingfisher in Frameworks */ = {isa = PBXBuildFile; productRef = 68C0A7AF2C4E1899004B812F /* Kingfisher */; };
		68C0A7B32C4E18B0004B812F /* Alamofire in Frameworks */ = {isa = PBXBuildFile; productRef = 68C0A7B22C4E18B0004B812F /* Alamofire */; };
		68C0A7B62C4E18FB004B812F /* RealmSwift in Frameworks */ = {isa = PBXBuildFile; productRef = 68C0A7B52C4E18FB004B812F /* RealmSwift */; };
		68C0A7B92C4E1906004B812F /* Toast in Frameworks */ = {isa = PBXBuildFile; productRef = 68C0A7B82C4E1906004B812F /* Toast */; };
		68C0A7BB2C4E1927004B812F /* .gitignore in Resources */ = {isa = PBXBuildFile; fileRef = 68C0A7BA2C4E1927004B812F /* .gitignore */; };
		68C0A7BD2C4E1C34004B812F /* APIKey.swift in Sources */ = {isa = PBXBuildFile; fileRef = 68C0A7BC2C4E1C34004B812F /* APIKey.swift */; };
		68C0A7C32C4E2EB8004B812F /* ViewRepresentable.swift in Sources */ = {isa = PBXBuildFile; fileRef = 68C0A7C22C4E2EB8004B812F /* ViewRepresentable.swift */; };
		68C0A7C62C4E2F9A004B812F /* View+.swift in Sources */ = {isa = PBXBuildFile; fileRef = 68C0A7C52C4E2F9A004B812F /* View+.swift */; };
		68C0A7C82C4E3E93004B812F /* UIButton+.swift in Sources */ = {isa = PBXBuildFile; fileRef = 68C0A7C72C4E3E93004B812F /* UIButton+.swift */; };
		68C0A7CB2C4E4294004B812F /* UIColor+.swift in Sources */ = {isa = PBXBuildFile; fileRef = 68C0A7CA2C4E4294004B812F /* UIColor+.swift */; };
		68C0A7CD2C4E4357004B812F /* UILabel+.swift in Sources */ = {isa = PBXBuildFile; fileRef = 68C0A7CC2C4E4357004B812F /* UILabel+.swift */; };
		68C0A7D12C4E4AD5004B812F /* ProfileSettingViewController.swift in Sources */ = {isa = PBXBuildFile; fileRef = 68C0A7D02C4E4AD5004B812F /* ProfileSettingViewController.swift */; };
		68C0A7D42C4E4C88004B812F /* ProfileSettingView.swift in Sources */ = {isa = PBXBuildFile; fileRef = 68C0A7D32C4E4C88004B812F /* ProfileSettingView.swift */; };
		68C0A7D62C4E4E2C004B812F /* UITextField+.swift in Sources */ = {isa = PBXBuildFile; fileRef = 68C0A7D52C4E4E2C004B812F /* UITextField+.swift */; };
		68C0A7D92C4E52EE004B812F /* UserDefaultsManager.swift in Sources */ = {isa = PBXBuildFile; fileRef = 68C0A7D82C4E52EE004B812F /* UserDefaultsManager.swift */; };
		68C0A7DC2C4E5504004B812F /* ProfileSettingViewModel.swift in Sources */ = {isa = PBXBuildFile; fileRef = 68C0A7DB2C4E5504004B812F /* ProfileSettingViewModel.swift */; };
		68C0A7DF2C4E5556004B812F /* Observable.swift in Sources */ = {isa = PBXBuildFile; fileRef = 68C0A7DE2C4E5556004B812F /* Observable.swift */; };
		68C0A7E12C4E5BE8004B812F /* SelectImageViewController.swift in Sources */ = {isa = PBXBuildFile; fileRef = 68C0A7E02C4E5BE8004B812F /* SelectImageViewController.swift */; };
		68C0A7E32C4E5DB4004B812F /* SelectImageView.swift in Sources */ = {isa = PBXBuildFile; fileRef = 68C0A7E22C4E5DB4004B812F /* SelectImageView.swift */; };
		68C0A7E52C4E5E7B004B812F /* SelectImageViewModel.swift in Sources */ = {isa = PBXBuildFile; fileRef = 68C0A7E42C4E5E7B004B812F /* SelectImageViewModel.swift */; };
		68C0A7E72C4E5F61004B812F /* ReusableProtocol+.swift in Sources */ = {isa = PBXBuildFile; fileRef = 68C0A7E62C4E5F61004B812F /* ReusableProtocol+.swift */; };
		68C0A7EA2C4E5FB8004B812F /* SelectImageCollectionViewCell.swift in Sources */ = {isa = PBXBuildFile; fileRef = 68C0A7E92C4E5FB8004B812F /* SelectImageCollectionViewCell.swift */; };
		68C0A7EB2C4E661C004B812F /* RealmSwift in Embed Frameworks */ = {isa = PBXBuildFile; productRef = 68C0A7B52C4E18FB004B812F /* RealmSwift */; settings = {ATTRIBUTES = (CodeSignOnCopy, ); }; };
		68C0A7EE2C4E9FDA004B812F /* UIStackView+.swift in Sources */ = {isa = PBXBuildFile; fileRef = 68C0A7ED2C4E9FDA004B812F /* UIStackView+.swift */; };
		68C0A8262C4FE814004B812F /* UIViewController+.swift in Sources */ = {isa = PBXBuildFile; fileRef = 68C0A8252C4FE814004B812F /* UIViewController+.swift */; };
		68C0A8292C5005DA004B812F /* YegrPolaroidTabBarController.swift in Sources */ = {isa = PBXBuildFile; fileRef = 68C0A8282C5005DA004B812F /* YegrPolaroidTabBarController.swift */; };
		68C0A82E2C5006C2004B812F /* OurTopicViewController.swift in Sources */ = {isa = PBXBuildFile; fileRef = 68C0A82D2C5006C2004B812F /* OurTopicViewController.swift */; };
		68C0A8302C500709004B812F /* SearchPhotoViewController.swift in Sources */ = {isa = PBXBuildFile; fileRef = 68C0A82F2C500709004B812F /* SearchPhotoViewController.swift */; };
		68C0A8322C50074E004B812F /* LikePhotoViewController.swift in Sources */ = {isa = PBXBuildFile; fileRef = 68C0A8312C50074E004B812F /* LikePhotoViewController.swift */; };
		68C0A85B2C50F945004B812F /* OurTopicView.swift in Sources */ = {isa = PBXBuildFile; fileRef = 68C0A85A2C50F945004B812F /* OurTopicView.swift */; };
		68C0A85E2C51003B004B812F /* GoldenHourCell.swift in Sources */ = {isa = PBXBuildFile; fileRef = 68C0A85D2C51003B004B812F /* GoldenHourCell.swift */; };
		68C0A8602C510050004B812F /* BusinessCell.swift in Sources */ = {isa = PBXBuildFile; fileRef = 68C0A85F2C510050004B812F /* BusinessCell.swift */; };
		68C0A8622C510081004B812F /* InteriorCell.swift in Sources */ = {isa = PBXBuildFile; fileRef = 68C0A8612C510081004B812F /* InteriorCell.swift */; };
		68C0A8642C5105E5004B812F /* TopicInnerCell.swift in Sources */ = {isa = PBXBuildFile; fileRef = 68C0A8632C5105E5004B812F /* TopicInnerCell.swift */; };
		68C0A86B2C512923004B812F /* OurTopicHeaderView.swift in Sources */ = {isa = PBXBuildFile; fileRef = 68C0A86A2C512923004B812F /* OurTopicHeaderView.swift */; };
		68C0A8712C5132EF004B812F /* APIRequest.swift in Sources */ = {isa = PBXBuildFile; fileRef = 68C0A8702C5132EF004B812F /* APIRequest.swift */; };
		68C0A8732C513FCB004B812F /* APICall.swift in Sources */ = {isa = PBXBuildFile; fileRef = 68C0A8722C513FCB004B812F /* APICall.swift */; };
		68C0A8752C5140F5004B812F /* TopicModel.swift in Sources */ = {isa = PBXBuildFile; fileRef = 68C0A8742C5140F5004B812F /* TopicModel.swift */; };
		68C0A8772C515FE0004B812F /* OurTopicViewModel.swift in Sources */ = {isa = PBXBuildFile; fileRef = 68C0A8762C515FE0004B812F /* OurTopicViewModel.swift */; };
		68C0A8972C5235CB004B812F /* DetailViewController.swift in Sources */ = {isa = PBXBuildFile; fileRef = 68C0A8962C5235CB004B812F /* DetailViewController.swift */; };
		68C0A8992C5249FA004B812F /* DetailView.swift in Sources */ = {isa = PBXBuildFile; fileRef = 68C0A8982C5249FA004B812F /* DetailView.swift */; };
		68C0A89B2C52CA3F004B812F /* DateFormatter+.swift in Sources */ = {isa = PBXBuildFile; fileRef = 68C0A89A2C52CA3F004B812F /* DateFormatter+.swift */; };
		68C0A89D2C5343AE004B812F /* StatisticsModel.swift in Sources */ = {isa = PBXBuildFile; fileRef = 68C0A89C2C5343AE004B812F /* StatisticsModel.swift */; };
		68FA4D062C5382D900C32BE4 /* DetailUIModel.swift in Sources */ = {isa = PBXBuildFile; fileRef = 68FA4D052C5382D900C32BE4 /* DetailUIModel.swift */; };
		68FA4D082C539DAE00C32BE4 /* SearchPhotoView.swift in Sources */ = {isa = PBXBuildFile; fileRef = 68FA4D072C539DAE00C32BE4 /* SearchPhotoView.swift */; };
		68FA4D0C2C53A0A400C32BE4 /* SearchPhotoCell.swift in Sources */ = {isa = PBXBuildFile; fileRef = 68FA4D0B2C53A0A400C32BE4 /* SearchPhotoCell.swift */; };
		68FA4D0E2C53B20B00C32BE4 /* SearchViewModel.swift in Sources */ = {isa = PBXBuildFile; fileRef = 68FA4D0D2C53B20B00C32BE4 /* SearchViewModel.swift */; };
		68FA4D102C53DEC500C32BE4 /* SearchModel.swift in Sources */ = {isa = PBXBuildFile; fileRef = 68FA4D0F2C53DEC500C32BE4 /* SearchModel.swift */; };
		68FA4D132C53FFA900C32BE4 /* UISearchBar+.swift in Sources */ = {isa = PBXBuildFile; fileRef = 68FA4D122C53FFA900C32BE4 /* UISearchBar+.swift */; };
		68FA4D172C5512B500C32BE4 /* LikePhotoView.swift in Sources */ = {isa = PBXBuildFile; fileRef = 68FA4D162C5512B500C32BE4 /* LikePhotoView.swift */; };
		68FA4D1D2C553B4F00C32BE4 /* PhotoRepository.swift in Sources */ = {isa = PBXBuildFile; fileRef = 68FA4D1C2C553B4F00C32BE4 /* PhotoRepository.swift */; };
		68FA4D1F2C553BEF00C32BE4 /* PhotoRealm.swift in Sources */ = {isa = PBXBuildFile; fileRef = 68FA4D1E2C553BEF00C32BE4 /* PhotoRealm.swift */; };
		68FA4D222C55446000C32BE4 /* LikePhotoCell.swift in Sources */ = {isa = PBXBuildFile; fileRef = 68FA4D212C55446000C32BE4 /* LikePhotoCell.swift */; };
/* End PBXBuildFile section */

/* Begin PBXCopyFilesBuildPhase section */
		68C0A7EC2C4E661C004B812F /* Embed Frameworks */ = {
			isa = PBXCopyFilesBuildPhase;
			buildActionMask = 2147483647;
			dstPath = "";
			dstSubfolderSpec = 10;
			files = (
				68C0A7EB2C4E661C004B812F /* RealmSwift in Embed Frameworks */,
			);
			name = "Embed Frameworks";
			runOnlyForDeploymentPostprocessing = 0;
		};
/* End PBXCopyFilesBuildPhase section */

/* Begin PBXFileReference section */
		68C0A7942C4E1791004B812F /* YegrPolaroidEX.app */ = {isa = PBXFileReference; explicitFileType = wrapper.application; includeInIndex = 0; path = YegrPolaroidEX.app; sourceTree = BUILT_PRODUCTS_DIR; };
		68C0A7972C4E1791004B812F /* AppDelegate.swift */ = {isa = PBXFileReference; lastKnownFileType = sourcecode.swift; path = AppDelegate.swift; sourceTree = "<group>"; };
		68C0A7992C4E1791004B812F /* SceneDelegate.swift */ = {isa = PBXFileReference; lastKnownFileType = sourcecode.swift; path = SceneDelegate.swift; sourceTree = "<group>"; };
		68C0A79B2C4E1791004B812F /* OnBoardingViewController.swift */ = {isa = PBXFileReference; lastKnownFileType = sourcecode.swift; path = OnBoardingViewController.swift; sourceTree = "<group>"; };
		68C0A7A02C4E1792004B812F /* Assets.xcassets */ = {isa = PBXFileReference; lastKnownFileType = folder.assetcatalog; path = Assets.xcassets; sourceTree = "<group>"; };
		68C0A7A32C4E1792004B812F /* Base */ = {isa = PBXFileReference; lastKnownFileType = file.storyboard; name = Base; path = Base.lproj/LaunchScreen.storyboard; sourceTree = "<group>"; };
		68C0A7A52C4E1792004B812F /* Info.plist */ = {isa = PBXFileReference; lastKnownFileType = text.plist.xml; path = Info.plist; sourceTree = "<group>"; };
		68C0A7BA2C4E1927004B812F /* .gitignore */ = {isa = PBXFileReference; lastKnownFileType = text; path = .gitignore; sourceTree = "<group>"; };
		68C0A7BC2C4E1C34004B812F /* APIKey.swift */ = {isa = PBXFileReference; lastKnownFileType = sourcecode.swift; path = APIKey.swift; sourceTree = "<group>"; };
		68C0A7C22C4E2EB8004B812F /* ViewRepresentable.swift */ = {isa = PBXFileReference; lastKnownFileType = sourcecode.swift; path = ViewRepresentable.swift; sourceTree = "<group>"; };
		68C0A7C52C4E2F9A004B812F /* View+.swift */ = {isa = PBXFileReference; lastKnownFileType = sourcecode.swift; path = "View+.swift"; sourceTree = "<group>"; };
		68C0A7C72C4E3E93004B812F /* UIButton+.swift */ = {isa = PBXFileReference; lastKnownFileType = sourcecode.swift; path = "UIButton+.swift"; sourceTree = "<group>"; };
		68C0A7CA2C4E4294004B812F /* UIColor+.swift */ = {isa = PBXFileReference; lastKnownFileType = sourcecode.swift; path = "UIColor+.swift"; sourceTree = "<group>"; };
		68C0A7CC2C4E4357004B812F /* UILabel+.swift */ = {isa = PBXFileReference; lastKnownFileType = sourcecode.swift; path = "UILabel+.swift"; sourceTree = "<group>"; };
		68C0A7D02C4E4AD5004B812F /* ProfileSettingViewController.swift */ = {isa = PBXFileReference; lastKnownFileType = sourcecode.swift; path = ProfileSettingViewController.swift; sourceTree = "<group>"; };
		68C0A7D32C4E4C88004B812F /* ProfileSettingView.swift */ = {isa = PBXFileReference; lastKnownFileType = sourcecode.swift; path = ProfileSettingView.swift; sourceTree = "<group>"; };
		68C0A7D52C4E4E2C004B812F /* UITextField+.swift */ = {isa = PBXFileReference; lastKnownFileType = sourcecode.swift; path = "UITextField+.swift"; sourceTree = "<group>"; };
		68C0A7D82C4E52EE004B812F /* UserDefaultsManager.swift */ = {isa = PBXFileReference; lastKnownFileType = sourcecode.swift; path = UserDefaultsManager.swift; sourceTree = "<group>"; };
		68C0A7DB2C4E5504004B812F /* ProfileSettingViewModel.swift */ = {isa = PBXFileReference; lastKnownFileType = sourcecode.swift; path = ProfileSettingViewModel.swift; sourceTree = "<group>"; };
		68C0A7DE2C4E5556004B812F /* Observable.swift */ = {isa = PBXFileReference; lastKnownFileType = sourcecode.swift; path = Observable.swift; sourceTree = "<group>"; };
		68C0A7E02C4E5BE8004B812F /* SelectImageViewController.swift */ = {isa = PBXFileReference; lastKnownFileType = sourcecode.swift; path = SelectImageViewController.swift; sourceTree = "<group>"; };
		68C0A7E22C4E5DB4004B812F /* SelectImageView.swift */ = {isa = PBXFileReference; lastKnownFileType = sourcecode.swift; path = SelectImageView.swift; sourceTree = "<group>"; };
		68C0A7E42C4E5E7B004B812F /* SelectImageViewModel.swift */ = {isa = PBXFileReference; lastKnownFileType = sourcecode.swift; path = SelectImageViewModel.swift; sourceTree = "<group>"; };
		68C0A7E62C4E5F61004B812F /* ReusableProtocol+.swift */ = {isa = PBXFileReference; lastKnownFileType = sourcecode.swift; path = "ReusableProtocol+.swift"; sourceTree = "<group>"; };
		68C0A7E92C4E5FB8004B812F /* SelectImageCollectionViewCell.swift */ = {isa = PBXFileReference; lastKnownFileType = sourcecode.swift; path = SelectImageCollectionViewCell.swift; sourceTree = "<group>"; };
		68C0A7ED2C4E9FDA004B812F /* UIStackView+.swift */ = {isa = PBXFileReference; lastKnownFileType = sourcecode.swift; path = "UIStackView+.swift"; sourceTree = "<group>"; };
		68C0A8252C4FE814004B812F /* UIViewController+.swift */ = {isa = PBXFileReference; lastKnownFileType = sourcecode.swift; path = "UIViewController+.swift"; sourceTree = "<group>"; };
		68C0A8282C5005DA004B812F /* YegrPolaroidTabBarController.swift */ = {isa = PBXFileReference; lastKnownFileType = sourcecode.swift; path = YegrPolaroidTabBarController.swift; sourceTree = "<group>"; };
		68C0A82D2C5006C2004B812F /* OurTopicViewController.swift */ = {isa = PBXFileReference; lastKnownFileType = sourcecode.swift; path = OurTopicViewController.swift; sourceTree = "<group>"; };
		68C0A82F2C500709004B812F /* SearchPhotoViewController.swift */ = {isa = PBXFileReference; lastKnownFileType = sourcecode.swift; path = SearchPhotoViewController.swift; sourceTree = "<group>"; };
		68C0A8312C50074E004B812F /* LikePhotoViewController.swift */ = {isa = PBXFileReference; lastKnownFileType = sourcecode.swift; path = LikePhotoViewController.swift; sourceTree = "<group>"; };
		68C0A85A2C50F945004B812F /* OurTopicView.swift */ = {isa = PBXFileReference; lastKnownFileType = sourcecode.swift; path = OurTopicView.swift; sourceTree = "<group>"; };
		68C0A85D2C51003B004B812F /* GoldenHourCell.swift */ = {isa = PBXFileReference; lastKnownFileType = sourcecode.swift; path = GoldenHourCell.swift; sourceTree = "<group>"; };
		68C0A85F2C510050004B812F /* BusinessCell.swift */ = {isa = PBXFileReference; lastKnownFileType = sourcecode.swift; path = BusinessCell.swift; sourceTree = "<group>"; };
		68C0A8612C510081004B812F /* InteriorCell.swift */ = {isa = PBXFileReference; lastKnownFileType = sourcecode.swift; path = InteriorCell.swift; sourceTree = "<group>"; };
		68C0A8632C5105E5004B812F /* TopicInnerCell.swift */ = {isa = PBXFileReference; lastKnownFileType = sourcecode.swift; path = TopicInnerCell.swift; sourceTree = "<group>"; };
		68C0A86A2C512923004B812F /* OurTopicHeaderView.swift */ = {isa = PBXFileReference; lastKnownFileType = sourcecode.swift; path = OurTopicHeaderView.swift; sourceTree = "<group>"; };
		68C0A8702C5132EF004B812F /* APIRequest.swift */ = {isa = PBXFileReference; lastKnownFileType = sourcecode.swift; path = APIRequest.swift; sourceTree = "<group>"; };
		68C0A8722C513FCB004B812F /* APICall.swift */ = {isa = PBXFileReference; lastKnownFileType = sourcecode.swift; path = APICall.swift; sourceTree = "<group>"; };
		68C0A8742C5140F5004B812F /* TopicModel.swift */ = {isa = PBXFileReference; lastKnownFileType = sourcecode.swift; path = TopicModel.swift; sourceTree = "<group>"; };
		68C0A8762C515FE0004B812F /* OurTopicViewModel.swift */ = {isa = PBXFileReference; lastKnownFileType = sourcecode.swift; path = OurTopicViewModel.swift; sourceTree = "<group>"; };
		68C0A8962C5235CB004B812F /* DetailViewController.swift */ = {isa = PBXFileReference; lastKnownFileType = sourcecode.swift; path = DetailViewController.swift; sourceTree = "<group>"; };
		68C0A8982C5249FA004B812F /* DetailView.swift */ = {isa = PBXFileReference; lastKnownFileType = sourcecode.swift; path = DetailView.swift; sourceTree = "<group>"; };
		68C0A89A2C52CA3F004B812F /* DateFormatter+.swift */ = {isa = PBXFileReference; lastKnownFileType = sourcecode.swift; path = "DateFormatter+.swift"; sourceTree = "<group>"; };
		68C0A89C2C5343AE004B812F /* StatisticsModel.swift */ = {isa = PBXFileReference; lastKnownFileType = sourcecode.swift; path = StatisticsModel.swift; sourceTree = "<group>"; };
		68FA4D052C5382D900C32BE4 /* DetailUIModel.swift */ = {isa = PBXFileReference; lastKnownFileType = sourcecode.swift; path = DetailUIModel.swift; sourceTree = "<group>"; };
		68FA4D072C539DAE00C32BE4 /* SearchPhotoView.swift */ = {isa = PBXFileReference; lastKnownFileType = sourcecode.swift; path = SearchPhotoView.swift; sourceTree = "<group>"; };
		68FA4D0B2C53A0A400C32BE4 /* SearchPhotoCell.swift */ = {isa = PBXFileReference; lastKnownFileType = sourcecode.swift; path = SearchPhotoCell.swift; sourceTree = "<group>"; };
		68FA4D0D2C53B20B00C32BE4 /* SearchViewModel.swift */ = {isa = PBXFileReference; lastKnownFileType = sourcecode.swift; path = SearchViewModel.swift; sourceTree = "<group>"; };
		68FA4D0F2C53DEC500C32BE4 /* SearchModel.swift */ = {isa = PBXFileReference; lastKnownFileType = sourcecode.swift; path = SearchModel.swift; sourceTree = "<group>"; };
		68FA4D122C53FFA900C32BE4 /* UISearchBar+.swift */ = {isa = PBXFileReference; lastKnownFileType = sourcecode.swift; path = "UISearchBar+.swift"; sourceTree = "<group>"; };
		68FA4D162C5512B500C32BE4 /* LikePhotoView.swift */ = {isa = PBXFileReference; lastKnownFileType = sourcecode.swift; path = LikePhotoView.swift; sourceTree = "<group>"; };
		68FA4D1C2C553B4F00C32BE4 /* PhotoRepository.swift */ = {isa = PBXFileReference; lastKnownFileType = sourcecode.swift; path = PhotoRepository.swift; sourceTree = "<group>"; };
		68FA4D1E2C553BEF00C32BE4 /* PhotoRealm.swift */ = {isa = PBXFileReference; lastKnownFileType = sourcecode.swift; path = PhotoRealm.swift; sourceTree = "<group>"; };
		68FA4D212C55446000C32BE4 /* LikePhotoCell.swift */ = {isa = PBXFileReference; lastKnownFileType = sourcecode.swift; path = LikePhotoCell.swift; sourceTree = "<group>"; };
/* End PBXFileReference section */

/* Begin PBXFrameworksBuildPhase section */
		68C0A7912C4E1791004B812F /* Frameworks */ = {
			isa = PBXFrameworksBuildPhase;
			buildActionMask = 2147483647;
			files = (
				68C0A7B62C4E18FB004B812F /* RealmSwift in Frameworks */,
				68C0A7B32C4E18B0004B812F /* Alamofire in Frameworks */,
				68C0A7B02C4E1899004B812F /* Kingfisher in Frameworks */,
				68C0A7B92C4E1906004B812F /* Toast in Frameworks */,
				68C0A7AD2C4E1888004B812F /* SnapKit in Frameworks */,
			);
			runOnlyForDeploymentPostprocessing = 0;
		};
/* End PBXFrameworksBuildPhase section */

/* Begin PBXGroup section */
		68C0A78B2C4E1791004B812F = {
			isa = PBXGroup;
			children = (
				68C0A7BA2C4E1927004B812F /* .gitignore */,
				68C0A7962C4E1791004B812F /* YegrPolaroidEX */,
				68C0A7952C4E1791004B812F /* Products */,
			);
			sourceTree = "<group>";
		};
		68C0A7952C4E1791004B812F /* Products */ = {
			isa = PBXGroup;
			children = (
				68C0A7942C4E1791004B812F /* YegrPolaroidEX.app */,
			);
			name = Products;
			sourceTree = "<group>";
		};
		68C0A7962C4E1791004B812F /* YegrPolaroidEX */ = {
			isa = PBXGroup;
			children = (
				68C0A7972C4E1791004B812F /* AppDelegate.swift */,
				68C0A7992C4E1791004B812F /* SceneDelegate.swift */,
				68C0A7F82C4F6C20004B812F /* Resources */,
				68C0A7F92C4F6C46004B812F /* Sources */,
				68C0A7A52C4E1792004B812F /* Info.plist */,
				68C0A7BC2C4E1C34004B812F /* APIKey.swift */,
			);
			path = YegrPolaroidEX;
			sourceTree = "<group>";
		};
		68C0A7C42C4E2F85004B812F /* Extension */ = {
			isa = PBXGroup;
			children = (
				68C0A7ED2C4E9FDA004B812F /* UIStackView+.swift */,
				68C0A7C52C4E2F9A004B812F /* View+.swift */,
				68C0A7C72C4E3E93004B812F /* UIButton+.swift */,
				68C0A7CA2C4E4294004B812F /* UIColor+.swift */,
				68C0A7CC2C4E4357004B812F /* UILabel+.swift */,
				68C0A7D52C4E4E2C004B812F /* UITextField+.swift */,
				68C0A8252C4FE814004B812F /* UIViewController+.swift */,
				68C0A89A2C52CA3F004B812F /* DateFormatter+.swift */,
				68FA4D122C53FFA900C32BE4 /* UISearchBar+.swift */,
			);
			path = Extension;
			sourceTree = "<group>";
		};
		68C0A7C92C4E3EBC004B812F /* Protocol */ = {
			isa = PBXGroup;
			children = (
				68C0A7E62C4E5F61004B812F /* ReusableProtocol+.swift */,
				68C0A7C22C4E2EB8004B812F /* ViewRepresentable.swift */,
			);
			path = Protocol;
			sourceTree = "<group>";
		};
		68C0A7D72C4E52DE004B812F /* UserDefaults */ = {
			isa = PBXGroup;
			children = (
				68C0A7D82C4E52EE004B812F /* UserDefaultsManager.swift */,
			);
			path = UserDefaults;
			sourceTree = "<group>";
		};
		68C0A7DD2C4E5523004B812F /* Observable */ = {
			isa = PBXGroup;
			children = (
				68C0A7DE2C4E5556004B812F /* Observable.swift */,
			);
			path = Observable;
			sourceTree = "<group>";
		};
		68C0A7F82C4F6C20004B812F /* Resources */ = {
			isa = PBXGroup;
			children = (
				68C0A7A02C4E1792004B812F /* Assets.xcassets */,
				68C0A7A22C4E1792004B812F /* LaunchScreen.storyboard */,
			);
			path = Resources;
			sourceTree = "<group>";
		};
		68C0A7F92C4F6C46004B812F /* Sources */ = {
			isa = PBXGroup;
			children = (
				68FA4D182C553A1700C32BE4 /* DataStorage */,
				68C0A86C2C513282004B812F /* Network */,
				68C0A7C92C4E3EBC004B812F /* Protocol */,
				68C0A7C42C4E2F85004B812F /* Extension */,
				68C0A7DD2C4E5523004B812F /* Observable */,
				68C0A8952C523551004B812F /* Presentation */,
			);
			path = Sources;
			sourceTree = "<group>";
		};
		68C0A7FA2C4F6D03004B812F /* OnBoading */ = {
			isa = PBXGroup;
			children = (
				68C0A79B2C4E1791004B812F /* OnBoardingViewController.swift */,
			);
			path = OnBoading;
			sourceTree = "<group>";
		};
		68C0A7FB2C4F6D0E004B812F /* ProfileSetting */ = {
			isa = PBXGroup;
			children = (
				68C0A7DB2C4E5504004B812F /* ProfileSettingViewModel.swift */,
				68C0A7D32C4E4C88004B812F /* ProfileSettingView.swift */,
				68C0A7D02C4E4AD5004B812F /* ProfileSettingViewController.swift */,
			);
			path = ProfileSetting;
			sourceTree = "<group>";
		};
		68C0A7FC2C4F6D18004B812F /* SelectImage */ = {
			isa = PBXGroup;
			children = (
				68C0A7E42C4E5E7B004B812F /* SelectImageViewModel.swift */,
				68C0A7E22C4E5DB4004B812F /* SelectImageView.swift */,
				68C0A7E02C4E5BE8004B812F /* SelectImageViewController.swift */,
				68C0A7FD2C4F6D51004B812F /* Cell */,
			);
			path = SelectImage;
			sourceTree = "<group>";
		};
		68C0A7FD2C4F6D51004B812F /* Cell */ = {
			isa = PBXGroup;
			children = (
				68C0A7E92C4E5FB8004B812F /* SelectImageCollectionViewCell.swift */,
			);
			path = Cell;
			sourceTree = "<group>";
		};
		68C0A8272C500586004B812F /* TabBar */ = {
			isa = PBXGroup;
			children = (
				68C0A8282C5005DA004B812F /* YegrPolaroidTabBarController.swift */,
			);
			path = TabBar;
			sourceTree = "<group>";
		};
		68C0A82A2C50064A004B812F /* OurTopic */ = {
			isa = PBXGroup;
			children = (
				68C0A8762C515FE0004B812F /* OurTopicViewModel.swift */,
				68C0A85A2C50F945004B812F /* OurTopicView.swift */,
				68C0A82D2C5006C2004B812F /* OurTopicViewController.swift */,
				68C0A85C2C50FB84004B812F /* Cell */,
			);
			path = OurTopic;
			sourceTree = "<group>";
		};
		68C0A82B2C500662004B812F /* SearchPhoto */ = {
			isa = PBXGroup;
			children = (
				68FA4D0D2C53B20B00C32BE4 /* SearchViewModel.swift */,
				68FA4D072C539DAE00C32BE4 /* SearchPhotoView.swift */,
				68C0A82F2C500709004B812F /* SearchPhotoViewController.swift */,
				68FA4D092C53A06300C32BE4 /* Cell */,
			);
			path = SearchPhoto;
			sourceTree = "<group>";
		};
		68C0A82C2C50069A004B812F /* LikePhoto */ = {
			isa = PBXGroup;
			children = (
				68FA4D162C5512B500C32BE4 /* LikePhotoView.swift */,
				68C0A8312C50074E004B812F /* LikePhotoViewController.swift */,
				68FA4D202C55444E00C32BE4 /* Cell */,
			);
			path = LikePhoto;
			sourceTree = "<group>";
		};
		68C0A85C2C50FB84004B812F /* Cell */ = {
			isa = PBXGroup;
			children = (
				68C0A85D2C51003B004B812F /* GoldenHourCell.swift */,
				68C0A85F2C510050004B812F /* BusinessCell.swift */,
				68C0A8612C510081004B812F /* InteriorCell.swift */,
				68C0A8632C5105E5004B812F /* TopicInnerCell.swift */,
				68C0A8692C5128FE004B812F /* HeaderView */,
			);
			path = Cell;
			sourceTree = "<group>";
		};
		68C0A8692C5128FE004B812F /* HeaderView */ = {
			isa = PBXGroup;
			children = (
				68C0A86A2C512923004B812F /* OurTopicHeaderView.swift */,
			);
			path = HeaderView;
			sourceTree = "<group>";
		};
		68C0A86C2C513282004B812F /* Network */ = {
			isa = PBXGroup;
			children = (
				68C0A86D2C513290004B812F /* Model */,
				68C0A86F2C51329F004B812F /* APIRequest */,
				68C0A86E2C513298004B812F /* APICall */,
			);
			path = Network;
			sourceTree = "<group>";
		};
		68C0A86D2C513290004B812F /* Model */ = {
			isa = PBXGroup;
			children = (
				68C0A8742C5140F5004B812F /* TopicModel.swift */,
				68C0A89C2C5343AE004B812F /* StatisticsModel.swift */,
				68FA4D0F2C53DEC500C32BE4 /* SearchModel.swift */,
			);
			path = Model;
			sourceTree = "<group>";
		};
		68C0A86E2C513298004B812F /* APICall */ = {
			isa = PBXGroup;
			children = (
				68C0A8722C513FCB004B812F /* APICall.swift */,
			);
			path = APICall;
			sourceTree = "<group>";
		};
		68C0A86F2C51329F004B812F /* APIRequest */ = {
			isa = PBXGroup;
			children = (
				68C0A8702C5132EF004B812F /* APIRequest.swift */,
			);
			path = APIRequest;
			sourceTree = "<group>";
		};
		68C0A8942C5234FE004B812F /* Detail */ = {
			isa = PBXGroup;
			children = (
				68C0A8982C5249FA004B812F /* DetailView.swift */,
				68C0A8962C5235CB004B812F /* DetailViewController.swift */,
				68FA4D042C5382BF00C32BE4 /* Model */,
			);
			path = Detail;
			sourceTree = "<group>";
		};
		68C0A8952C523551004B812F /* Presentation */ = {
			isa = PBXGroup;
			children = (
				68C0A7FA2C4F6D03004B812F /* OnBoading */,
				68C0A7FB2C4F6D0E004B812F /* ProfileSetting */,
				68C0A7FC2C4F6D18004B812F /* SelectImage */,
				68C0A82A2C50064A004B812F /* OurTopic */,
				68C0A82B2C500662004B812F /* SearchPhoto */,
				68C0A82C2C50069A004B812F /* LikePhoto */,
				68C0A8942C5234FE004B812F /* Detail */,
				68C0A8272C500586004B812F /* TabBar */,
			);
			path = Presentation;
			sourceTree = "<group>";
		};
		68FA4D042C5382BF00C32BE4 /* Model */ = {
			isa = PBXGroup;
			children = (
				68FA4D052C5382D900C32BE4 /* DetailUIModel.swift */,
			);
			path = Model;
			sourceTree = "<group>";
		};
		68FA4D092C53A06300C32BE4 /* Cell */ = {
			isa = PBXGroup;
			children = (
				68FA4D0B2C53A0A400C32BE4 /* SearchPhotoCell.swift */,
			);
			path = Cell;
			sourceTree = "<group>";
		};
		68FA4D182C553A1700C32BE4 /* DataStorage */ = {
			isa = PBXGroup;
			children = (
				68FA4D192C553A3900C32BE4 /* Realm */,
				68C0A7D72C4E52DE004B812F /* UserDefaults */,
			);
			path = DataStorage;
			sourceTree = "<group>";
		};
		68FA4D192C553A3900C32BE4 /* Realm */ = {
			isa = PBXGroup;
			children = (
				68FA4D1E2C553BEF00C32BE4 /* PhotoRealm.swift */,
				68FA4D1C2C553B4F00C32BE4 /* PhotoRepository.swift */,
			);
			path = Realm;
			sourceTree = "<group>";
		};
		68FA4D202C55444E00C32BE4 /* Cell */ = {
			isa = PBXGroup;
			children = (
				68FA4D212C55446000C32BE4 /* LikePhotoCell.swift */,
			);
			path = Cell;
			sourceTree = "<group>";
		};
/* End PBXGroup section */

/* Begin PBXNativeTarget section */
		68C0A7932C4E1791004B812F /* YegrPolaroidEX */ = {
			isa = PBXNativeTarget;
			buildConfigurationList = 68C0A7A82C4E1792004B812F /* Build configuration list for PBXNativeTarget "YegrPolaroidEX" */;
			buildPhases = (
				68C0A7902C4E1791004B812F /* Sources */,
				68C0A7912C4E1791004B812F /* Frameworks */,
				68C0A7922C4E1791004B812F /* Resources */,
				68C0A7EC2C4E661C004B812F /* Embed Frameworks */,
			);
			buildRules = (
			);
			dependencies = (
			);
			name = YegrPolaroidEX;
			packageProductDependencies = (
				68C0A7AC2C4E1888004B812F /* SnapKit */,
				68C0A7AF2C4E1899004B812F /* Kingfisher */,
				68C0A7B22C4E18B0004B812F /* Alamofire */,
				68C0A7B52C4E18FB004B812F /* RealmSwift */,
				68C0A7B82C4E1906004B812F /* Toast */,
			);
			productName = YegrPolaroidEX;
			productReference = 68C0A7942C4E1791004B812F /* YegrPolaroidEX.app */;
			productType = "com.apple.product-type.application";
		};
/* End PBXNativeTarget section */

/* Begin PBXProject section */
		68C0A78C2C4E1791004B812F /* Project object */ = {
			isa = PBXProject;
			attributes = {
				BuildIndependentTargetsInParallel = 1;
				LastSwiftUpdateCheck = 1540;
				LastUpgradeCheck = 1540;
				TargetAttributes = {
					68C0A7932C4E1791004B812F = {
						CreatedOnToolsVersion = 15.4;
					};
				};
			};
			buildConfigurationList = 68C0A78F2C4E1791004B812F /* Build configuration list for PBXProject "YegrPolaroidEX" */;
			compatibilityVersion = "Xcode 14.0";
			developmentRegion = en;
			hasScannedForEncodings = 0;
			knownRegions = (
				en,
				Base,
			);
			mainGroup = 68C0A78B2C4E1791004B812F;
			packageReferences = (
				68C0A7AB2C4E1888004B812F /* XCRemoteSwiftPackageReference "SnapKit" */,
				68C0A7AE2C4E1899004B812F /* XCRemoteSwiftPackageReference "Kingfisher" */,
				68C0A7B12C4E18B0004B812F /* XCRemoteSwiftPackageReference "Alamofire" */,
				68C0A7B42C4E18FB004B812F /* XCRemoteSwiftPackageReference "realm-swift" */,
				68C0A7B72C4E1906004B812F /* XCRemoteSwiftPackageReference "Toast-Swift" */,
			);
			productRefGroup = 68C0A7952C4E1791004B812F /* Products */;
			projectDirPath = "";
			projectRoot = "";
			targets = (
				68C0A7932C4E1791004B812F /* YegrPolaroidEX */,
			);
		};
/* End PBXProject section */

/* Begin PBXResourcesBuildPhase section */
		68C0A7922C4E1791004B812F /* Resources */ = {
			isa = PBXResourcesBuildPhase;
			buildActionMask = 2147483647;
			files = (
				68C0A7A12C4E1792004B812F /* Assets.xcassets in Resources */,
				68C0A7BB2C4E1927004B812F /* .gitignore in Resources */,
				68C0A7A42C4E1792004B812F /* Base in Resources */,
			);
			runOnlyForDeploymentPostprocessing = 0;
		};
/* End PBXResourcesBuildPhase section */

/* Begin PBXSourcesBuildPhase section */
		68C0A7902C4E1791004B812F /* Sources */ = {
			isa = PBXSourcesBuildPhase;
			buildActionMask = 2147483647;
			files = (
				68C0A8602C510050004B812F /* BusinessCell.swift in Sources */,
				68C0A8622C510081004B812F /* InteriorCell.swift in Sources */,
				68C0A7CD2C4E4357004B812F /* UILabel+.swift in Sources */,
				68FA4D102C53DEC500C32BE4 /* SearchModel.swift in Sources */,
				68C0A8772C515FE0004B812F /* OurTopicViewModel.swift in Sources */,
				68C0A7DF2C4E5556004B812F /* Observable.swift in Sources */,
				68C0A7E32C4E5DB4004B812F /* SelectImageView.swift in Sources */,
				68C0A7E72C4E5F61004B812F /* ReusableProtocol+.swift in Sources */,
				68C0A79C2C4E1791004B812F /* OnBoardingViewController.swift in Sources */,
				68FA4D222C55446000C32BE4 /* LikePhotoCell.swift in Sources */,
				68C0A7D42C4E4C88004B812F /* ProfileSettingView.swift in Sources */,
				68FA4D1D2C553B4F00C32BE4 /* PhotoRepository.swift in Sources */,
				68C0A8712C5132EF004B812F /* APIRequest.swift in Sources */,
				68C0A7D62C4E4E2C004B812F /* UITextField+.swift in Sources */,
				68C0A8642C5105E5004B812F /* TopicInnerCell.swift in Sources */,
				68C0A7EE2C4E9FDA004B812F /* UIStackView+.swift in Sources */,
				68C0A8262C4FE814004B812F /* UIViewController+.swift in Sources */,
				68C0A7D92C4E52EE004B812F /* UserDefaultsManager.swift in Sources */,
				68C0A89B2C52CA3F004B812F /* DateFormatter+.swift in Sources */,
				68C0A7CB2C4E4294004B812F /* UIColor+.swift in Sources */,
				68C0A82E2C5006C2004B812F /* OurTopicViewController.swift in Sources */,
				68C0A85B2C50F945004B812F /* OurTopicView.swift in Sources */,
				68C0A8972C5235CB004B812F /* DetailViewController.swift in Sources */,
				68C0A7C82C4E3E93004B812F /* UIButton+.swift in Sources */,
				68C0A8292C5005DA004B812F /* YegrPolaroidTabBarController.swift in Sources */,
				68FA4D0E2C53B20B00C32BE4 /* SearchViewModel.swift in Sources */,
				68C0A7DC2C4E5504004B812F /* ProfileSettingViewModel.swift in Sources */,
				68C0A7982C4E1791004B812F /* AppDelegate.swift in Sources */,
				68FA4D172C5512B500C32BE4 /* LikePhotoView.swift in Sources */,
				68C0A7EA2C4E5FB8004B812F /* SelectImageCollectionViewCell.swift in Sources */,
				68C0A7BD2C4E1C34004B812F /* APIKey.swift in Sources */,
				68C0A79A2C4E1791004B812F /* SceneDelegate.swift in Sources */,
				68C0A7E12C4E5BE8004B812F /* SelectImageViewController.swift in Sources */,
				68C0A89D2C5343AE004B812F /* StatisticsModel.swift in Sources */,
				68C0A8732C513FCB004B812F /* APICall.swift in Sources */,
				68C0A7D12C4E4AD5004B812F /* ProfileSettingViewController.swift in Sources */,
				68C0A86B2C512923004B812F /* OurTopicHeaderView.swift in Sources */,
				68C0A7C62C4E2F9A004B812F /* View+.swift in Sources */,
				68C0A8322C50074E004B812F /* LikePhotoViewController.swift in Sources */,
				68C0A7E52C4E5E7B004B812F /* SelectImageViewModel.swift in Sources */,
				68C0A8302C500709004B812F /* SearchPhotoViewController.swift in Sources */,
				68C0A8752C5140F5004B812F /* TopicModel.swift in Sources */,
				68FA4D132C53FFA900C32BE4 /* UISearchBar+.swift in Sources */,
				68FA4D062C5382D900C32BE4 /* DetailUIModel.swift in Sources */,
				68FA4D0C2C53A0A400C32BE4 /* SearchPhotoCell.swift in Sources */,
				68C0A8992C5249FA004B812F /* DetailView.swift in Sources */,
				68C0A85E2C51003B004B812F /* GoldenHourCell.swift in Sources */,
				68C0A7C32C4E2EB8004B812F /* ViewRepresentable.swift in Sources */,
				68FA4D082C539DAE00C32BE4 /* SearchPhotoView.swift in Sources */,
				68FA4D1F2C553BEF00C32BE4 /* PhotoRealm.swift in Sources */,
			);
			runOnlyForDeploymentPostprocessing = 0;
		};
/* End PBXSourcesBuildPhase section */

/* Begin PBXVariantGroup section */
		68C0A7A22C4E1792004B812F /* LaunchScreen.storyboard */ = {
			isa = PBXVariantGroup;
			children = (
				68C0A7A32C4E1792004B812F /* Base */,
			);
			name = LaunchScreen.storyboard;
			sourceTree = "<group>";
		};
/* End PBXVariantGroup section */

/* Begin XCBuildConfiguration section */
		68C0A7A62C4E1792004B812F /* Debug */ = {
			isa = XCBuildConfiguration;
			buildSettings = {
				ALWAYS_SEARCH_USER_PATHS = NO;
				ASSETCATALOG_COMPILER_GENERATE_SWIFT_ASSET_SYMBOL_EXTENSIONS = YES;
				CLANG_ANALYZER_NONNULL = YES;
				CLANG_ANALYZER_NUMBER_OBJECT_CONVERSION = YES_AGGRESSIVE;
				CLANG_CXX_LANGUAGE_STANDARD = "gnu++20";
				CLANG_ENABLE_MODULES = YES;
				CLANG_ENABLE_OBJC_ARC = YES;
				CLANG_ENABLE_OBJC_WEAK = YES;
				CLANG_WARN_BLOCK_CAPTURE_AUTORELEASING = YES;
				CLANG_WARN_BOOL_CONVERSION = YES;
				CLANG_WARN_COMMA = YES;
				CLANG_WARN_CONSTANT_CONVERSION = YES;
				CLANG_WARN_DEPRECATED_OBJC_IMPLEMENTATIONS = YES;
				CLANG_WARN_DIRECT_OBJC_ISA_USAGE = YES_ERROR;
				CLANG_WARN_DOCUMENTATION_COMMENTS = YES;
				CLANG_WARN_EMPTY_BODY = YES;
				CLANG_WARN_ENUM_CONVERSION = YES;
				CLANG_WARN_INFINITE_RECURSION = YES;
				CLANG_WARN_INT_CONVERSION = YES;
				CLANG_WARN_NON_LITERAL_NULL_CONVERSION = YES;
				CLANG_WARN_OBJC_IMPLICIT_RETAIN_SELF = YES;
				CLANG_WARN_OBJC_LITERAL_CONVERSION = YES;
				CLANG_WARN_OBJC_ROOT_CLASS = YES_ERROR;
				CLANG_WARN_QUOTED_INCLUDE_IN_FRAMEWORK_HEADER = YES;
				CLANG_WARN_RANGE_LOOP_ANALYSIS = YES;
				CLANG_WARN_STRICT_PROTOTYPES = YES;
				CLANG_WARN_SUSPICIOUS_MOVE = YES;
				CLANG_WARN_UNGUARDED_AVAILABILITY = YES_AGGRESSIVE;
				CLANG_WARN_UNREACHABLE_CODE = YES;
				CLANG_WARN__DUPLICATE_METHOD_MATCH = YES;
				COPY_PHASE_STRIP = NO;
				DEBUG_INFORMATION_FORMAT = dwarf;
				ENABLE_STRICT_OBJC_MSGSEND = YES;
				ENABLE_TESTABILITY = YES;
				ENABLE_USER_SCRIPT_SANDBOXING = YES;
				GCC_C_LANGUAGE_STANDARD = gnu17;
				GCC_DYNAMIC_NO_PIC = NO;
				GCC_NO_COMMON_BLOCKS = YES;
				GCC_OPTIMIZATION_LEVEL = 0;
				GCC_PREPROCESSOR_DEFINITIONS = (
					"DEBUG=1",
					"$(inherited)",
				);
				GCC_WARN_64_TO_32_BIT_CONVERSION = YES;
				GCC_WARN_ABOUT_RETURN_TYPE = YES_ERROR;
				GCC_WARN_UNDECLARED_SELECTOR = YES;
				GCC_WARN_UNINITIALIZED_AUTOS = YES_AGGRESSIVE;
				GCC_WARN_UNUSED_FUNCTION = YES;
				GCC_WARN_UNUSED_VARIABLE = YES;
				IPHONEOS_DEPLOYMENT_TARGET = 17.5;
				LOCALIZATION_PREFERS_STRING_CATALOGS = YES;
				MTL_ENABLE_DEBUG_INFO = INCLUDE_SOURCE;
				MTL_FAST_MATH = YES;
				ONLY_ACTIVE_ARCH = YES;
				SDKROOT = iphoneos;
				SWIFT_ACTIVE_COMPILATION_CONDITIONS = "DEBUG $(inherited)";
				SWIFT_OPTIMIZATION_LEVEL = "-Onone";
			};
			name = Debug;
		};
		68C0A7A72C4E1792004B812F /* Release */ = {
			isa = XCBuildConfiguration;
			buildSettings = {
				ALWAYS_SEARCH_USER_PATHS = NO;
				ASSETCATALOG_COMPILER_GENERATE_SWIFT_ASSET_SYMBOL_EXTENSIONS = YES;
				CLANG_ANALYZER_NONNULL = YES;
				CLANG_ANALYZER_NUMBER_OBJECT_CONVERSION = YES_AGGRESSIVE;
				CLANG_CXX_LANGUAGE_STANDARD = "gnu++20";
				CLANG_ENABLE_MODULES = YES;
				CLANG_ENABLE_OBJC_ARC = YES;
				CLANG_ENABLE_OBJC_WEAK = YES;
				CLANG_WARN_BLOCK_CAPTURE_AUTORELEASING = YES;
				CLANG_WARN_BOOL_CONVERSION = YES;
				CLANG_WARN_COMMA = YES;
				CLANG_WARN_CONSTANT_CONVERSION = YES;
				CLANG_WARN_DEPRECATED_OBJC_IMPLEMENTATIONS = YES;
				CLANG_WARN_DIRECT_OBJC_ISA_USAGE = YES_ERROR;
				CLANG_WARN_DOCUMENTATION_COMMENTS = YES;
				CLANG_WARN_EMPTY_BODY = YES;
				CLANG_WARN_ENUM_CONVERSION = YES;
				CLANG_WARN_INFINITE_RECURSION = YES;
				CLANG_WARN_INT_CONVERSION = YES;
				CLANG_WARN_NON_LITERAL_NULL_CONVERSION = YES;
				CLANG_WARN_OBJC_IMPLICIT_RETAIN_SELF = YES;
				CLANG_WARN_OBJC_LITERAL_CONVERSION = YES;
				CLANG_WARN_OBJC_ROOT_CLASS = YES_ERROR;
				CLANG_WARN_QUOTED_INCLUDE_IN_FRAMEWORK_HEADER = YES;
				CLANG_WARN_RANGE_LOOP_ANALYSIS = YES;
				CLANG_WARN_STRICT_PROTOTYPES = YES;
				CLANG_WARN_SUSPICIOUS_MOVE = YES;
				CLANG_WARN_UNGUARDED_AVAILABILITY = YES_AGGRESSIVE;
				CLANG_WARN_UNREACHABLE_CODE = YES;
				CLANG_WARN__DUPLICATE_METHOD_MATCH = YES;
				COPY_PHASE_STRIP = NO;
				DEBUG_INFORMATION_FORMAT = "dwarf-with-dsym";
				ENABLE_NS_ASSERTIONS = NO;
				ENABLE_STRICT_OBJC_MSGSEND = YES;
				ENABLE_USER_SCRIPT_SANDBOXING = YES;
				GCC_C_LANGUAGE_STANDARD = gnu17;
				GCC_NO_COMMON_BLOCKS = YES;
				GCC_WARN_64_TO_32_BIT_CONVERSION = YES;
				GCC_WARN_ABOUT_RETURN_TYPE = YES_ERROR;
				GCC_WARN_UNDECLARED_SELECTOR = YES;
				GCC_WARN_UNINITIALIZED_AUTOS = YES_AGGRESSIVE;
				GCC_WARN_UNUSED_FUNCTION = YES;
				GCC_WARN_UNUSED_VARIABLE = YES;
				IPHONEOS_DEPLOYMENT_TARGET = 17.5;
				LOCALIZATION_PREFERS_STRING_CATALOGS = YES;
				MTL_ENABLE_DEBUG_INFO = NO;
				MTL_FAST_MATH = YES;
				SDKROOT = iphoneos;
				SWIFT_COMPILATION_MODE = wholemodule;
				VALIDATE_PRODUCT = YES;
			};
			name = Release;
		};
		68C0A7A92C4E1792004B812F /* Debug */ = {
			isa = XCBuildConfiguration;
			buildSettings = {
				ASSETCATALOG_COMPILER_APPICON_NAME = AppIcon;
				ASSETCATALOG_COMPILER_GLOBAL_ACCENT_COLOR_NAME = AccentColor;
				CODE_SIGN_STYLE = Automatic;
				CURRENT_PROJECT_VERSION = 1;
				DEVELOPMENT_TEAM = 3G6N8FDHBM;
				GENERATE_INFOPLIST_FILE = YES;
				INFOPLIST_FILE = YegrPolaroidEX/Info.plist;
				INFOPLIST_KEY_CFBundleDisplayName = "김예진";
				INFOPLIST_KEY_UIApplicationSupportsIndirectInputEvents = YES;
				INFOPLIST_KEY_UILaunchStoryboardName = LaunchScreen;
				INFOPLIST_KEY_UISupportedInterfaceOrientations = UIInterfaceOrientationPortrait;
				INFOPLIST_KEY_UISupportedInterfaceOrientations_iPad = UIInterfaceOrientationPortrait;
				IPHONEOS_DEPLOYMENT_TARGET = 15.0;
				LD_RUNPATH_SEARCH_PATHS = (
					"$(inherited)",
					"@executable_path/Frameworks",
				);
				MARKETING_VERSION = 1.0;
				PRODUCT_BUNDLE_IDENTIFIER = YJ.YegrPolaroidEX;
				PRODUCT_NAME = "$(TARGET_NAME)";
				SUPPORTED_PLATFORMS = "iphoneos iphonesimulator";
				SUPPORTS_MACCATALYST = NO;
				SUPPORTS_MAC_DESIGNED_FOR_IPHONE_IPAD = NO;
				SUPPORTS_XR_DESIGNED_FOR_IPHONE_IPAD = NO;
				SWIFT_EMIT_LOC_STRINGS = YES;
				SWIFT_VERSION = 5.0;
				TARGETED_DEVICE_FAMILY = 1;
			};
			name = Debug;
		};
		68C0A7AA2C4E1792004B812F /* Release */ = {
			isa = XCBuildConfiguration;
			buildSettings = {
				ASSETCATALOG_COMPILER_APPICON_NAME = AppIcon;
				ASSETCATALOG_COMPILER_GLOBAL_ACCENT_COLOR_NAME = AccentColor;
				CODE_SIGN_STYLE = Automatic;
				CURRENT_PROJECT_VERSION = 1;
				DEVELOPMENT_TEAM = 3G6N8FDHBM;
				GENERATE_INFOPLIST_FILE = YES;
				INFOPLIST_FILE = YegrPolaroidEX/Info.plist;
				INFOPLIST_KEY_CFBundleDisplayName = "김예진";
				INFOPLIST_KEY_UIApplicationSupportsIndirectInputEvents = YES;
				INFOPLIST_KEY_UILaunchStoryboardName = LaunchScreen;
				INFOPLIST_KEY_UISupportedInterfaceOrientations = UIInterfaceOrientationPortrait;
				INFOPLIST_KEY_UISupportedInterfaceOrientations_iPad = UIInterfaceOrientationPortrait;
				IPHONEOS_DEPLOYMENT_TARGET = 15.0;
				LD_RUNPATH_SEARCH_PATHS = (
					"$(inherited)",
					"@executable_path/Frameworks",
				);
				MARKETING_VERSION = 1.0;
				PRODUCT_BUNDLE_IDENTIFIER = YJ.YegrPolaroidEX;
				PRODUCT_NAME = "$(TARGET_NAME)";
				SUPPORTED_PLATFORMS = "iphoneos iphonesimulator";
				SUPPORTS_MACCATALYST = NO;
				SUPPORTS_MAC_DESIGNED_FOR_IPHONE_IPAD = NO;
				SUPPORTS_XR_DESIGNED_FOR_IPHONE_IPAD = NO;
				SWIFT_EMIT_LOC_STRINGS = YES;
				SWIFT_VERSION = 5.0;
				TARGETED_DEVICE_FAMILY = 1;
			};
			name = Release;
		};
/* End XCBuildConfiguration section */

/* Begin XCConfigurationList section */
		68C0A78F2C4E1791004B812F /* Build configuration list for PBXProject "YegrPolaroidEX" */ = {
			isa = XCConfigurationList;
			buildConfigurations = (
				68C0A7A62C4E1792004B812F /* Debug */,
				68C0A7A72C4E1792004B812F /* Release */,
			);
			defaultConfigurationIsVisible = 0;
			defaultConfigurationName = Release;
		};
		68C0A7A82C4E1792004B812F /* Build configuration list for PBXNativeTarget "YegrPolaroidEX" */ = {
			isa = XCConfigurationList;
			buildConfigurations = (
				68C0A7A92C4E1792004B812F /* Debug */,
				68C0A7AA2C4E1792004B812F /* Release */,
			);
			defaultConfigurationIsVisible = 0;
			defaultConfigurationName = Release;
		};
/* End XCConfigurationList section */

/* Begin XCRemoteSwiftPackageReference section */
		68C0A7AB2C4E1888004B812F /* XCRemoteSwiftPackageReference "SnapKit" */ = {
			isa = XCRemoteSwiftPackageReference;
			repositoryURL = "https://github.com/SnapKit/SnapKit.git";
			requirement = {
				kind = upToNextMajorVersion;
				minimumVersion = 5.7.1;
			};
		};
		68C0A7AE2C4E1899004B812F /* XCRemoteSwiftPackageReference "Kingfisher" */ = {
			isa = XCRemoteSwiftPackageReference;
			repositoryURL = "https://github.com/onevcat/Kingfisher.git";
			requirement = {
				kind = upToNextMajorVersion;
				minimumVersion = 7.12.0;
			};
		};
		68C0A7B12C4E18B0004B812F /* XCRemoteSwiftPackageReference "Alamofire" */ = {
			isa = XCRemoteSwiftPackageReference;
			repositoryURL = "https://github.com/Alamofire/Alamofire.git";
			requirement = {
				kind = upToNextMajorVersion;
				minimumVersion = 5.9.1;
			};
		};
		68C0A7B42C4E18FB004B812F /* XCRemoteSwiftPackageReference "realm-swift" */ = {
			isa = XCRemoteSwiftPackageReference;
			repositoryURL = "https://github.com/realm/realm-swift.git";
			requirement = {
				kind = exactVersion;
				version = 10.52.2;
			};
		};
		68C0A7B72C4E1906004B812F /* XCRemoteSwiftPackageReference "Toast-Swift" */ = {
			isa = XCRemoteSwiftPackageReference;
			repositoryURL = "https://github.com/scalessec/Toast-Swift.git";
			requirement = {
				kind = upToNextMajorVersion;
				minimumVersion = 5.1.1;
			};
		};
/* End XCRemoteSwiftPackageReference section */

/* Begin XCSwiftPackageProductDependency section */
		68C0A7AC2C4E1888004B812F /* SnapKit */ = {
			isa = XCSwiftPackageProductDependency;
			package = 68C0A7AB2C4E1888004B812F /* XCRemoteSwiftPackageReference "SnapKit" */;
			productName = SnapKit;
		};
		68C0A7AF2C4E1899004B812F /* Kingfisher */ = {
			isa = XCSwiftPackageProductDependency;
			package = 68C0A7AE2C4E1899004B812F /* XCRemoteSwiftPackageReference "Kingfisher" */;
			productName = Kingfisher;
		};
		68C0A7B22C4E18B0004B812F /* Alamofire */ = {
			isa = XCSwiftPackageProductDependency;
			package = 68C0A7B12C4E18B0004B812F /* XCRemoteSwiftPackageReference "Alamofire" */;
			productName = Alamofire;
		};
		68C0A7B52C4E18FB004B812F /* RealmSwift */ = {
			isa = XCSwiftPackageProductDependency;
			package = 68C0A7B42C4E18FB004B812F /* XCRemoteSwiftPackageReference "realm-swift" */;
			productName = RealmSwift;
		};
		68C0A7B82C4E1906004B812F /* Toast */ = {
			isa = XCSwiftPackageProductDependency;
			package = 68C0A7B72C4E1906004B812F /* XCRemoteSwiftPackageReference "Toast-Swift" */;
			productName = Toast;
		};
/* End XCSwiftPackageProductDependency section */
	};
	rootObject = 68C0A78C2C4E1791004B812F /* Project object */;
}
