// !$*UTF8*$!
{
	archiveVersion = 1;
	classes = {
	};
	objectVersion = 56;
	objects = {

/* Begin PBXBuildFile section */
		68C0A7982C4E1791004B812F /* AppDelegate.swift in Sources */ = {isa = PBXBuildFile; fileRef = 68C0A7972C4E1791004B812F /* AppDelegate.swift */; };
		68C0A79A2C4E1791004B812F /* SceneDelegate.swift in Sources */ = {isa = PBXBuildFile; fileRef = 68C0A7992C4E1791004B812F /* SceneDelegate.swift */; };
		68C0A79C2C4E1791004B812F /* ViewController.swift in Sources */ = {isa = PBXBuildFile; fileRef = 68C0A79B2C4E1791004B812F /* ViewController.swift */; };
		68C0A7A12C4E1792004B812F /* Assets.xcassets in Resources */ = {isa = PBXBuildFile; fileRef = 68C0A7A02C4E1792004B812F /* Assets.xcassets */; };
		68C0A7A42C4E1792004B812F /* Base in Resources */ = {isa = PBXBuildFile; fileRef = 68C0A7A32C4E1792004B812F /* Base */; };
		68C0A7AD2C4E1888004B812F /* SnapKit in Frameworks */ = {isa = PBXBuildFile; productRef = 68C0A7AC2C4E1888004B812F /* SnapKit */; };
		68C0A7B02C4E1899004B812F /* Kingfisher in Frameworks */ = {isa = PBXBuildFile; productRef = 68C0A7AF2C4E1899004B812F /* Kingfisher */; };
		68C0A7B32C4E18B0004B812F /* Alamofire in Frameworks */ = {isa = PBXBuildFile; productRef = 68C0A7B22C4E18B0004B812F /* Alamofire */; };
		68C0A7B62C4E18FB004B812F /* RealmSwift in Frameworks */ = {isa = PBXBuildFile; productRef = 68C0A7B52C4E18FB004B812F /* RealmSwift */; };
		68C0A7B92C4E1906004B812F /* Toast in Frameworks */ = {isa = PBXBuildFile; productRef = 68C0A7B82C4E1906004B812F /* Toast */; };
		68C0A7BB2C4E1927004B812F /* .gitignore in Resources */ = {isa = PBXBuildFile; fileRef = 68C0A7BA2C4E1927004B812F /* .gitignore */; };
		68C0A7BD2C4E1C34004B812F /* APIKey.swift in Sources */ = {isa = PBXBuildFile; fileRef = 68C0A7BC2C4E1C34004B812F /* APIKey.swift */; };
/* End PBXBuildFile section */

/* Begin PBXFileReference section */
		68C0A7942C4E1791004B812F /* YegrPolaroidEX.app */ = {isa = PBXFileReference; explicitFileType = wrapper.application; includeInIndex = 0; path = YegrPolaroidEX.app; sourceTree = BUILT_PRODUCTS_DIR; };
		68C0A7972C4E1791004B812F /* AppDelegate.swift */ = {isa = PBXFileReference; lastKnownFileType = sourcecode.swift; path = AppDelegate.swift; sourceTree = "<group>"; };
		68C0A7992C4E1791004B812F /* SceneDelegate.swift */ = {isa = PBXFileReference; lastKnownFileType = sourcecode.swift; path = SceneDelegate.swift; sourceTree = "<group>"; };
		68C0A79B2C4E1791004B812F /* ViewController.swift */ = {isa = PBXFileReference; lastKnownFileType = sourcecode.swift; path = ViewController.swift; sourceTree = "<group>"; };
		68C0A7A02C4E1792004B812F /* Assets.xcassets */ = {isa = PBXFileReference; lastKnownFileType = folder.assetcatalog; path = Assets.xcassets; sourceTree = "<group>"; };
		68C0A7A32C4E1792004B812F /* Base */ = {isa = PBXFileReference; lastKnownFileType = file.storyboard; name = Base; path = Base.lproj/LaunchScreen.storyboard; sourceTree = "<group>"; };
		68C0A7A52C4E1792004B812F /* Info.plist */ = {isa = PBXFileReference; lastKnownFileType = text.plist.xml; path = Info.plist; sourceTree = "<group>"; };
		68C0A7BA2C4E1927004B812F /* .gitignore */ = {isa = PBXFileReference; lastKnownFileType = text; path = .gitignore; sourceTree = "<group>"; };
		68C0A7BC2C4E1C34004B812F /* APIKey.swift */ = {isa = PBXFileReference; lastKnownFileType = sourcecode.swift; path = APIKey.swift; sourceTree = "<group>"; };
/* End PBXFileReference section */

/* Begin PBXFrameworksBuildPhase section */
		68C0A7912C4E1791004B812F /* Frameworks */ = {
			isa = PBXFrameworksBuildPhase;
			buildActionMask = 2147483647;
			files = (
				68C0A7B62C4E18FB004B812F /* RealmSwift in Frameworks */,
				68C0A7B32C4E18B0004B812F /* Alamofire in Frameworks */,
				68C0A7B02C4E1899004B812F /* Kingfisher in Frameworks */,
				68C0A7B92C4E1906004B812F /* Toast in Frameworks */,
				68C0A7AD2C4E1888004B812F /* SnapKit in Frameworks */,
			);
			runOnlyForDeploymentPostprocessing = 0;
		};
/* End PBXFrameworksBuildPhase section */

/* Begin PBXGroup section */
		68C0A78B2C4E1791004B812F = {
			isa = PBXGroup;
			children = (
				68C0A7BA2C4E1927004B812F /* .gitignore */,
				68C0A7962C4E1791004B812F /* YegrPolaroidEX */,
				68C0A7952C4E1791004B812F /* Products */,
			);
			sourceTree = "<group>";
		};
		68C0A7952C4E1791004B812F /* Products */ = {
			isa = PBXGroup;
			children = (
				68C0A7942C4E1791004B812F /* YegrPolaroidEX.app */,
			);
			name = Products;
			sourceTree = "<group>";
		};
		68C0A7962C4E1791004B812F /* YegrPolaroidEX */ = {
			isa = PBXGroup;
			children = (
				68C0A7972C4E1791004B812F /* AppDelegate.swift */,
				68C0A7992C4E1791004B812F /* SceneDelegate.swift */,
				68C0A79B2C4E1791004B812F /* ViewController.swift */,
				68C0A7A02C4E1792004B812F /* Assets.xcassets */,
				68C0A7A22C4E1792004B812F /* LaunchScreen.storyboard */,
				68C0A7A52C4E1792004B812F /* Info.plist */,
				68C0A7BC2C4E1C34004B812F /* APIKey.swift */,
			);
			path = YegrPolaroidEX;
			sourceTree = "<group>";
		};
/* End PBXGroup section */

/* Begin PBXNativeTarget section */
		68C0A7932C4E1791004B812F /* YegrPolaroidEX */ = {
			isa = PBXNativeTarget;
			buildConfigurationList = 68C0A7A82C4E1792004B812F /* Build configuration list for PBXNativeTarget "YegrPolaroidEX" */;
			buildPhases = (
				68C0A7902C4E1791004B812F /* Sources */,
				68C0A7912C4E1791004B812F /* Frameworks */,
				68C0A7922C4E1791004B812F /* Resources */,
			);
			buildRules = (
			);
			dependencies = (
			);
			name = YegrPolaroidEX;
			packageProductDependencies = (
				68C0A7AC2C4E1888004B812F /* SnapKit */,
				68C0A7AF2C4E1899004B812F /* Kingfisher */,
				68C0A7B22C4E18B0004B812F /* Alamofire */,
				68C0A7B52C4E18FB004B812F /* RealmSwift */,
				68C0A7B82C4E1906004B812F /* Toast */,
			);
			productName = YegrPolaroidEX;
			productReference = 68C0A7942C4E1791004B812F /* YegrPolaroidEX.app */;
			productType = "com.apple.product-type.application";
		};
/* End PBXNativeTarget section */

/* Begin PBXProject section */
		68C0A78C2C4E1791004B812F /* Project object */ = {
			isa = PBXProject;
			attributes = {
				BuildIndependentTargetsInParallel = 1;
				LastSwiftUpdateCheck = 1540;
				LastUpgradeCheck = 1540;
				TargetAttributes = {
					68C0A7932C4E1791004B812F = {
						CreatedOnToolsVersion = 15.4;
					};
				};
			};
			buildConfigurationList = 68C0A78F2C4E1791004B812F /* Build configuration list for PBXProject "YegrPolaroidEX" */;
			compatibilityVersion = "Xcode 14.0";
			developmentRegion = en;
			hasScannedForEncodings = 0;
			knownRegions = (
				en,
				Base,
			);
			mainGroup = 68C0A78B2C4E1791004B812F;
			packageReferences = (
				68C0A7AB2C4E1888004B812F /* XCRemoteSwiftPackageReference "SnapKit" */,
				68C0A7AE2C4E1899004B812F /* XCRemoteSwiftPackageReference "Kingfisher" */,
				68C0A7B12C4E18B0004B812F /* XCRemoteSwiftPackageReference "Alamofire" */,
				68C0A7B42C4E18FB004B812F /* XCRemoteSwiftPackageReference "realm-swift" */,
				68C0A7B72C4E1906004B812F /* XCRemoteSwiftPackageReference "Toast-Swift" */,
			);
			productRefGroup = 68C0A7952C4E1791004B812F /* Products */;
			projectDirPath = "";
			projectRoot = "";
			targets = (
				68C0A7932C4E1791004B812F /* YegrPolaroidEX */,
			);
		};
/* End PBXProject section */

/* Begin PBXResourcesBuildPhase section */
		68C0A7922C4E1791004B812F /* Resources */ = {
			isa = PBXResourcesBuildPhase;
			buildActionMask = 2147483647;
			files = (
				68C0A7A12C4E1792004B812F /* Assets.xcassets in Resources */,
				68C0A7BB2C4E1927004B812F /* .gitignore in Resources */,
				68C0A7A42C4E1792004B812F /* Base in Resources */,
			);
			runOnlyForDeploymentPostprocessing = 0;
		};
/* End PBXResourcesBuildPhase section */

/* Begin PBXSourcesBuildPhase section */
		68C0A7902C4E1791004B812F /* Sources */ = {
			isa = PBXSourcesBuildPhase;
			buildActionMask = 2147483647;
			files = (
				68C0A79C2C4E1791004B812F /* ViewController.swift in Sources */,
				68C0A7982C4E1791004B812F /* AppDelegate.swift in Sources */,
				68C0A7BD2C4E1C34004B812F /* APIKey.swift in Sources */,
				68C0A79A2C4E1791004B812F /* SceneDelegate.swift in Sources */,
			);
			runOnlyForDeploymentPostprocessing = 0;
		};
/* End PBXSourcesBuildPhase section */

/* Begin PBXVariantGroup section */
		68C0A7A22C4E1792004B812F /* LaunchScreen.storyboard */ = {
			isa = PBXVariantGroup;
			children = (
				68C0A7A32C4E1792004B812F /* Base */,
			);
			name = LaunchScreen.storyboard;
			sourceTree = "<group>";
		};
/* End PBXVariantGroup section */

/* Begin XCBuildConfiguration section */
		68C0A7A62C4E1792004B812F /* Debug */ = {
			isa = XCBuildConfiguration;
			buildSettings = {
				ALWAYS_SEARCH_USER_PATHS = NO;
				ASSETCATALOG_COMPILER_GENERATE_SWIFT_ASSET_SYMBOL_EXTENSIONS = YES;
				CLANG_ANALYZER_NONNULL = YES;
				CLANG_ANALYZER_NUMBER_OBJECT_CONVERSION = YES_AGGRESSIVE;
				CLANG_CXX_LANGUAGE_STANDARD = "gnu++20";
				CLANG_ENABLE_MODULES = YES;
				CLANG_ENABLE_OBJC_ARC = YES;
				CLANG_ENABLE_OBJC_WEAK = YES;
				CLANG_WARN_BLOCK_CAPTURE_AUTORELEASING = YES;
				CLANG_WARN_BOOL_CONVERSION = YES;
				CLANG_WARN_COMMA = YES;
				CLANG_WARN_CONSTANT_CONVERSION = YES;
				CLANG_WARN_DEPRECATED_OBJC_IMPLEMENTATIONS = YES;
				CLANG_WARN_DIRECT_OBJC_ISA_USAGE = YES_ERROR;
				CLANG_WARN_DOCUMENTATION_COMMENTS = YES;
				CLANG_WARN_EMPTY_BODY = YES;
				CLANG_WARN_ENUM_CONVERSION = YES;
				CLANG_WARN_INFINITE_RECURSION = YES;
				CLANG_WARN_INT_CONVERSION = YES;
				CLANG_WARN_NON_LITERAL_NULL_CONVERSION = YES;
				CLANG_WARN_OBJC_IMPLICIT_RETAIN_SELF = YES;
				CLANG_WARN_OBJC_LITERAL_CONVERSION = YES;
				CLANG_WARN_OBJC_ROOT_CLASS = YES_ERROR;
				CLANG_WARN_QUOTED_INCLUDE_IN_FRAMEWORK_HEADER = YES;
				CLANG_WARN_RANGE_LOOP_ANALYSIS = YES;
				CLANG_WARN_STRICT_PROTOTYPES = YES;
				CLANG_WARN_SUSPICIOUS_MOVE = YES;
				CLANG_WARN_UNGUARDED_AVAILABILITY = YES_AGGRESSIVE;
				CLANG_WARN_UNREACHABLE_CODE = YES;
				CLANG_WARN__DUPLICATE_METHOD_MATCH = YES;
				COPY_PHASE_STRIP = NO;
				DEBUG_INFORMATION_FORMAT = dwarf;
				ENABLE_STRICT_OBJC_MSGSEND = YES;
				ENABLE_TESTABILITY = YES;
				ENABLE_USER_SCRIPT_SANDBOXING = YES;
				GCC_C_LANGUAGE_STANDARD = gnu17;
				GCC_DYNAMIC_NO_PIC = NO;
				GCC_NO_COMMON_BLOCKS = YES;
				GCC_OPTIMIZATION_LEVEL = 0;
				GCC_PREPROCESSOR_DEFINITIONS = (
					"DEBUG=1",
					"$(inherited)",
				);
				GCC_WARN_64_TO_32_BIT_CONVERSION = YES;
				GCC_WARN_ABOUT_RETURN_TYPE = YES_ERROR;
				GCC_WARN_UNDECLARED_SELECTOR = YES;
				GCC_WARN_UNINITIALIZED_AUTOS = YES_AGGRESSIVE;
				GCC_WARN_UNUSED_FUNCTION = YES;
				GCC_WARN_UNUSED_VARIABLE = YES;
				IPHONEOS_DEPLOYMENT_TARGET = 17.5;
				LOCALIZATION_PREFERS_STRING_CATALOGS = YES;
				MTL_ENABLE_DEBUG_INFO = INCLUDE_SOURCE;
				MTL_FAST_MATH = YES;
				ONLY_ACTIVE_ARCH = YES;
				SDKROOT = iphoneos;
				SWIFT_ACTIVE_COMPILATION_CONDITIONS = "DEBUG $(inherited)";
				SWIFT_OPTIMIZATION_LEVEL = "-Onone";
			};
			name = Debug;
		};
		68C0A7A72C4E1792004B812F /* Release */ = {
			isa = XCBuildConfiguration;
			buildSettings = {
				ALWAYS_SEARCH_USER_PATHS = NO;
				ASSETCATALOG_COMPILER_GENERATE_SWIFT_ASSET_SYMBOL_EXTENSIONS = YES;
				CLANG_ANALYZER_NONNULL = YES;
				CLANG_ANALYZER_NUMBER_OBJECT_CONVERSION = YES_AGGRESSIVE;
				CLANG_CXX_LANGUAGE_STANDARD = "gnu++20";
				CLANG_ENABLE_MODULES = YES;
				CLANG_ENABLE_OBJC_ARC = YES;
				CLANG_ENABLE_OBJC_WEAK = YES;
				CLANG_WARN_BLOCK_CAPTURE_AUTORELEASING = YES;
				CLANG_WARN_BOOL_CONVERSION = YES;
				CLANG_WARN_COMMA = YES;
				CLANG_WARN_CONSTANT_CONVERSION = YES;
				CLANG_WARN_DEPRECATED_OBJC_IMPLEMENTATIONS = YES;
				CLANG_WARN_DIRECT_OBJC_ISA_USAGE = YES_ERROR;
				CLANG_WARN_DOCUMENTATION_COMMENTS = YES;
				CLANG_WARN_EMPTY_BODY = YES;
				CLANG_WARN_ENUM_CONVERSION = YES;
				CLANG_WARN_INFINITE_RECURSION = YES;
				CLANG_WARN_INT_CONVERSION = YES;
				CLANG_WARN_NON_LITERAL_NULL_CONVERSION = YES;
				CLANG_WARN_OBJC_IMPLICIT_RETAIN_SELF = YES;
				CLANG_WARN_OBJC_LITERAL_CONVERSION = YES;
				CLANG_WARN_OBJC_ROOT_CLASS = YES_ERROR;
				CLANG_WARN_QUOTED_INCLUDE_IN_FRAMEWORK_HEADER = YES;
				CLANG_WARN_RANGE_LOOP_ANALYSIS = YES;
				CLANG_WARN_STRICT_PROTOTYPES = YES;
				CLANG_WARN_SUSPICIOUS_MOVE = YES;
				CLANG_WARN_UNGUARDED_AVAILABILITY = YES_AGGRESSIVE;
				CLANG_WARN_UNREACHABLE_CODE = YES;
				CLANG_WARN__DUPLICATE_METHOD_MATCH = YES;
				COPY_PHASE_STRIP = NO;
				DEBUG_INFORMATION_FORMAT = "dwarf-with-dsym";
				ENABLE_NS_ASSERTIONS = NO;
				ENABLE_STRICT_OBJC_MSGSEND = YES;
				ENABLE_USER_SCRIPT_SANDBOXING = YES;
				GCC_C_LANGUAGE_STANDARD = gnu17;
				GCC_NO_COMMON_BLOCKS = YES;
				GCC_WARN_64_TO_32_BIT_CONVERSION = YES;
				GCC_WARN_ABOUT_RETURN_TYPE = YES_ERROR;
				GCC_WARN_UNDECLARED_SELECTOR = YES;
				GCC_WARN_UNINITIALIZED_AUTOS = YES_AGGRESSIVE;
				GCC_WARN_UNUSED_FUNCTION = YES;
				GCC_WARN_UNUSED_VARIABLE = YES;
				IPHONEOS_DEPLOYMENT_TARGET = 17.5;
				LOCALIZATION_PREFERS_STRING_CATALOGS = YES;
				MTL_ENABLE_DEBUG_INFO = NO;
				MTL_FAST_MATH = YES;
				SDKROOT = iphoneos;
				SWIFT_COMPILATION_MODE = wholemodule;
				VALIDATE_PRODUCT = YES;
			};
			name = Release;
		};
		68C0A7A92C4E1792004B812F /* Debug */ = {
			isa = XCBuildConfiguration;
			buildSettings = {
				ASSETCATALOG_COMPILER_APPICON_NAME = AppIcon;
				ASSETCATALOG_COMPILER_GLOBAL_ACCENT_COLOR_NAME = AccentColor;
				CODE_SIGN_STYLE = Automatic;
				CURRENT_PROJECT_VERSION = 1;
				DEVELOPMENT_TEAM = 3G6N8FDHBM;
				GENERATE_INFOPLIST_FILE = YES;
				INFOPLIST_FILE = YegrPolaroidEX/Info.plist;
				INFOPLIST_KEY_CFBundleDisplayName = "김예진";
				INFOPLIST_KEY_UIApplicationSupportsIndirectInputEvents = YES;
				INFOPLIST_KEY_UILaunchStoryboardName = LaunchScreen;
				INFOPLIST_KEY_UISupportedInterfaceOrientations = UIInterfaceOrientationPortrait;
				INFOPLIST_KEY_UISupportedInterfaceOrientations_iPad = UIInterfaceOrientationPortrait;
				IPHONEOS_DEPLOYMENT_TARGET = 15.0;
				LD_RUNPATH_SEARCH_PATHS = (
					"$(inherited)",
					"@executable_path/Frameworks",
				);
				MARKETING_VERSION = 1.0;
				PRODUCT_BUNDLE_IDENTIFIER = YJ.YegrPolaroidEX;
				PRODUCT_NAME = "$(TARGET_NAME)";
				SUPPORTED_PLATFORMS = "iphoneos iphonesimulator";
				SUPPORTS_MACCATALYST = NO;
				SUPPORTS_MAC_DESIGNED_FOR_IPHONE_IPAD = NO;
				SUPPORTS_XR_DESIGNED_FOR_IPHONE_IPAD = NO;
				SWIFT_EMIT_LOC_STRINGS = YES;
				SWIFT_VERSION = 5.0;
				TARGETED_DEVICE_FAMILY = 1;
			};
			name = Debug;
		};
		68C0A7AA2C4E1792004B812F /* Release */ = {
			isa = XCBuildConfiguration;
			buildSettings = {
				ASSETCATALOG_COMPILER_APPICON_NAME = AppIcon;
				ASSETCATALOG_COMPILER_GLOBAL_ACCENT_COLOR_NAME = AccentColor;
				CODE_SIGN_STYLE = Automatic;
				CURRENT_PROJECT_VERSION = 1;
				DEVELOPMENT_TEAM = 3G6N8FDHBM;
				GENERATE_INFOPLIST_FILE = YES;
				INFOPLIST_FILE = YegrPolaroidEX/Info.plist;
				INFOPLIST_KEY_CFBundleDisplayName = "김예진";
				INFOPLIST_KEY_UIApplicationSupportsIndirectInputEvents = YES;
				INFOPLIST_KEY_UILaunchStoryboardName = LaunchScreen;
				INFOPLIST_KEY_UISupportedInterfaceOrientations = UIInterfaceOrientationPortrait;
				INFOPLIST_KEY_UISupportedInterfaceOrientations_iPad = UIInterfaceOrientationPortrait;
				IPHONEOS_DEPLOYMENT_TARGET = 15.0;
				LD_RUNPATH_SEARCH_PATHS = (
					"$(inherited)",
					"@executable_path/Frameworks",
				);
				MARKETING_VERSION = 1.0;
				PRODUCT_BUNDLE_IDENTIFIER = YJ.YegrPolaroidEX;
				PRODUCT_NAME = "$(TARGET_NAME)";
				SUPPORTED_PLATFORMS = "iphoneos iphonesimulator";
				SUPPORTS_MACCATALYST = NO;
				SUPPORTS_MAC_DESIGNED_FOR_IPHONE_IPAD = NO;
				SUPPORTS_XR_DESIGNED_FOR_IPHONE_IPAD = NO;
				SWIFT_EMIT_LOC_STRINGS = YES;
				SWIFT_VERSION = 5.0;
				TARGETED_DEVICE_FAMILY = 1;
			};
			name = Release;
		};
/* End XCBuildConfiguration section */

/* Begin XCConfigurationList section */
		68C0A78F2C4E1791004B812F /* Build configuration list for PBXProject "YegrPolaroidEX" */ = {
			isa = XCConfigurationList;
			buildConfigurations = (
				68C0A7A62C4E1792004B812F /* Debug */,
				68C0A7A72C4E1792004B812F /* Release */,
			);
			defaultConfigurationIsVisible = 0;
			defaultConfigurationName = Release;
		};
		68C0A7A82C4E1792004B812F /* Build configuration list for PBXNativeTarget "YegrPolaroidEX" */ = {
			isa = XCConfigurationList;
			buildConfigurations = (
				68C0A7A92C4E1792004B812F /* Debug */,
				68C0A7AA2C4E1792004B812F /* Release */,
			);
			defaultConfigurationIsVisible = 0;
			defaultConfigurationName = Release;
		};
/* End XCConfigurationList section */

/* Begin XCRemoteSwiftPackageReference section */
		68C0A7AB2C4E1888004B812F /* XCRemoteSwiftPackageReference "SnapKit" */ = {
			isa = XCRemoteSwiftPackageReference;
			repositoryURL = "https://github.com/SnapKit/SnapKit.git";
			requirement = {
				kind = upToNextMajorVersion;
				minimumVersion = 5.7.1;
			};
		};
		68C0A7AE2C4E1899004B812F /* XCRemoteSwiftPackageReference "Kingfisher" */ = {
			isa = XCRemoteSwiftPackageReference;
			repositoryURL = "https://github.com/onevcat/Kingfisher.git";
			requirement = {
				kind = upToNextMajorVersion;
				minimumVersion = 7.12.0;
			};
		};
		68C0A7B12C4E18B0004B812F /* XCRemoteSwiftPackageReference "Alamofire" */ = {
			isa = XCRemoteSwiftPackageReference;
			repositoryURL = "https://github.com/Alamofire/Alamofire.git";
			requirement = {
				kind = upToNextMajorVersion;
				minimumVersion = 5.9.1;
			};
		};
		68C0A7B42C4E18FB004B812F /* XCRemoteSwiftPackageReference "realm-swift" */ = {
			isa = XCRemoteSwiftPackageReference;
			repositoryURL = "https://github.com/realm/realm-swift.git";
			requirement = {
				kind = exactVersion;
				version = 10.52.2;
			};
		};
		68C0A7B72C4E1906004B812F /* XCRemoteSwiftPackageReference "Toast-Swift" */ = {
			isa = XCRemoteSwiftPackageReference;
			repositoryURL = "https://github.com/scalessec/Toast-Swift.git";
			requirement = {
				kind = upToNextMajorVersion;
				minimumVersion = 5.1.1;
			};
		};
/* End XCRemoteSwiftPackageReference section */

/* Begin XCSwiftPackageProductDependency section */
		68C0A7AC2C4E1888004B812F /* SnapKit */ = {
			isa = XCSwiftPackageProductDependency;
			package = 68C0A7AB2C4E1888004B812F /* XCRemoteSwiftPackageReference "SnapKit" */;
			productName = SnapKit;
		};
		68C0A7AF2C4E1899004B812F /* Kingfisher */ = {
			isa = XCSwiftPackageProductDependency;
			package = 68C0A7AE2C4E1899004B812F /* XCRemoteSwiftPackageReference "Kingfisher" */;
			productName = Kingfisher;
		};
		68C0A7B22C4E18B0004B812F /* Alamofire */ = {
			isa = XCSwiftPackageProductDependency;
			package = 68C0A7B12C4E18B0004B812F /* XCRemoteSwiftPackageReference "Alamofire" */;
			productName = Alamofire;
		};
		68C0A7B52C4E18FB004B812F /* RealmSwift */ = {
			isa = XCSwiftPackageProductDependency;
			package = 68C0A7B42C4E18FB004B812F /* XCRemoteSwiftPackageReference "realm-swift" */;
			productName = RealmSwift;
		};
		68C0A7B82C4E1906004B812F /* Toast */ = {
			isa = XCSwiftPackageProductDependency;
			package = 68C0A7B72C4E1906004B812F /* XCRemoteSwiftPackageReference "Toast-Swift" */;
			productName = Toast;
		};
/* End XCSwiftPackageProductDependency section */
	};
	rootObject = 68C0A78C2C4E1791004B812F /* Project object */;
}
